# This file is automatically @generated by Cargo.
# It is not intended for manual editing.
version = 4

[[package]]
name = "harness-cli"
version = "0.1.0"
dependencies = [
 "harness-core",
]

[[package]]
name = "harness-core"
version = "0.1.0"
dependencies = [
 "harness-store",
 "harness-types",
]

[[package]]
name = "harness-mcp"
version = "0.1.0"
dependencies = [
 "harness-core",
]

[[package]]
name = "harness-store"
version = "0.1.0"
dependencies = [
 "harness-types",
]

[[package]]
name = "harness-test-support"
version = "0.1.0"
dependencies = [
 "harness-types",
]

[[package]]
name = "harness-types"
version = "0.1.0"
